
Microsoft Visual Studio Solution File, Format Version 12.00
# Visual Studio Version 16
VisualStudioVersion = 16.0.33027.164
MinimumVisualStudioVersion = 10.0.40219.1
Project("{E24C65DC-7377-472B-9ABA-BC803B73C61A}") = "MyBPM", "MyBPM\", "{8D69241B-97D0-49FD-9D23-7ED9284B6950}"
	ProjectSection(WebsiteProperties) = preProject
		TargetFrameworkMoniker = ".NETFramework,Version%3Dv4.7.2"
		Debug.AspNetCompiler.VirtualPath = "/localhost_6654"
		Debug.AspNetCompiler.PhysicalPath = "MyBPM\"
		Debug.AspNetCompiler.TargetPath = "PrecompiledWeb\localhost_6654\"
		Debug.AspNetCompiler.Updateable = "true"
		Debug.AspNetCompiler.ForceOverwrite = "true"
		Debug.AspNetCompiler.FixedNames = "false"
		Debug.AspNetCompiler.Debug = "True"
		Release.AspNetCompiler.VirtualPath = "/localhost_6654"
		Release.AspNetCompiler.PhysicalPath = "MyBPM\"
		Release.AspNetCompiler.TargetPath = "PrecompiledWeb\localhost_6654\"
		Release.AspNetCompiler.Updateable = "true"
		Release.AspNetCompiler.ForceOverwrite = "true"
		Release.AspNetCompiler.FixedNames = "false"
		Release.AspNetCompiler.Debug = "False"
		VWDPort = "6654"
		SlnRelativePath = "MyBPM\"
		DefaultWebSiteLanguage = "Visual C#"
	EndProjectSection
EndProject
Global
	GlobalSection(SolutionConfigurationPlatforms) = preSolution
		Debug|Any CPU = Debug|Any CPU
	EndGlobalSection
	GlobalSection(ProjectConfigurationPlatforms) = postSolution
		{8D69241B-97D0-49FD-9D23-7ED9284B6950}.Debug|Any CPU.ActiveCfg = Debug|Any CPU
		{8D69241B-97D0-49FD-9D23-7ED9284B6950}.Debug|Any CPU.Build.0 = Debug|Any CPU
	EndGlobalSection
	GlobalSection(SolutionProperties) = preSolution
		HideSolutionNode = FALSE
	EndGlobalSection
	GlobalSection(ExtensibilityGlobals) = postSolution
		SolutionGuid = {897E6A7C-F2E0-452A-820E-9A78E9367BDB}
	EndGlobalSection
EndGlobal
